
Microsoft Visual Studio Solution File, Format Version 12.00
# Visual Studio Version 17
VisualStudioVersion = 17.14.36109.1 d17.14
MinimumVisualStudioVersion = 10.0.40219.1
Project("{FAE04EC0-301F-11D3-BF4B-00C04F79EFBC}") = "RegistroGastosPersonales", "RegistroGastosPersonales.csproj", "{56C3B817-DE23-4D56-982F-7B292B5DB026}"
EndProject
Global
	GlobalSection(SolutionConfigurationPlatforms) = preSolution
		Debug|Any CPU = Debug|Any CPU
		Release|Any CPU = Release|Any CPU
	EndGlobalSection
	GlobalSection(ProjectConfigurationPlatforms) = postSolution
		{56C3B817-DE23-4D56-982F-7B292B5DB026}.Debug|Any CPU.ActiveCfg = Debug|Any CPU
		{56C3B817-DE23-4D56-982F-7B292B5DB026}.Debug|Any CPU.Build.0 = Debug|Any CPU
		{56C3B817-DE23-4D56-982F-7B292B5DB026}.Release|Any CPU.ActiveCfg = Release|Any CPU
		{56C3B817-DE23-4D56-982F-7B292B5DB026}.Release|Any CPU.Build.0 = Release|Any CPU
	EndGlobalSection
	GlobalSection(SolutionProperties) = preSolution
		HideSolutionNode = FALSE
	EndGlobalSection
	GlobalSection(ExtensibilityGlobals) = postSolution
		SolutionGuid = {33FB3649-2530-4342-AEA0-B076DBB5A840}
	EndGlobalSection
EndGlobal
